
Microsoft Visual Studio Solution File, Format Version 12.00
# Visual Studio Version 17
VisualStudioVersion = 17.10.34916.146
MinimumVisualStudioVersion = 10.0.40219.1
Project("{FAE04EC0-301F-11D3-BF4B-00C04F79EFBC}") = "AIStylist", "AIStylist\AIStylist.csproj", "{EDA11E28-6778-4FD9-B821-88D7F4B9F8C9}"
EndProject
Global
	GlobalSection(SolutionConfigurationPlatforms) = preSolution
		Debug|Any CPU = Debug|Any CPU
		Release|Any CPU = Release|Any CPU
	EndGlobalSection
	GlobalSection(ProjectConfigurationPlatforms) = postSolution
		{EDA11E28-6778-4FD9-B821-88D7F4B9F8C9}.Debug|Any CPU.ActiveCfg = Debug|Any CPU
		{EDA11E28-6778-4FD9-B821-88D7F4B9F8C9}.Debug|Any CPU.Build.0 = Debug|Any CPU
		{EDA11E28-6778-4FD9-B821-88D7F4B9F8C9}.Release|Any CPU.ActiveCfg = Release|Any CPU
		{EDA11E28-6778-4FD9-B821-88D7F4B9F8C9}.Release|Any CPU.Build.0 = Release|Any CPU
	EndGlobalSection
	GlobalSection(SolutionProperties) = preSolution
		HideSolutionNode = FALSE
	EndGlobalSection
	GlobalSection(ExtensibilityGlobals) = postSolution
		SolutionGuid = {0CAA7E01-FD3B-4575-8EC8-8C029176256A}
	EndGlobalSection
EndGlobal
